<?xml version="1.0" encoding="UTF-8" standalone="yes" ?>
<CodeBlocks_project_file>
	<FileVersion major="1" minor="6" />
	<Project>
		<Option title="SFML-SWOOSH-Template" />
		<Option pch_mode="2" />
		<Option compiler="gcc" />
		<Build>
			<Target title="Debug">
				<Option output="bin/Debug/SFML-SWOOSH-Template" prefix_auto="1" extension_auto="1" />
				<Option object_output="obj/Debug/" />
				<Option type="1" />
				<Option compiler="gcc" />
				<Compiler>
					<Add option="-g" />
				</Compiler>
				<Linker>
					<Add library="C:/Program Files/CodeBlocks/SFML-2.6.1/lib/libFLAC.a" />
					<Add library="C:/Program Files/CodeBlocks/SFML-2.6.1/lib/libogg.a" />
					<Add library="C:/Program Files/CodeBlocks/SFML-2.6.1/lib/libopenal32.a" />
					<Add library="C:/Program Files/CodeBlocks/SFML-2.6.1/lib/libsfml-audio.a" />
					<Add library="C:/Program Files/CodeBlocks/SFML-2.6.1/lib/libsfml-audio-d.a" />
					<Add library="C:/Program Files/CodeBlocks/SFML-2.6.1/lib/libsfml-audio-s.a" />
					<Add library="C:/Program Files/CodeBlocks/SFML-2.6.1/lib/libsfml-audio-s-d.a" />
					<Add library="C:/Program Files/CodeBlocks/SFML-2.6.1/lib/libsfml-graphics-s-d.a" />
					<Add library="C:/Program Files/CodeBlocks/SFML-2.6.1/lib/libsfml-main.a" />
					<Add library="C:/Program Files/CodeBlocks/SFML-2.6.1/lib/libsfml-main-d.a" />
					<Add library="C:/Program Files/CodeBlocks/SFML-2.6.1/lib/libsfml-network.a" />
					<Add library="C:/Program Files/CodeBlocks/SFML-2.6.1/lib/libsfml-network-d.a" />
					<Add library="C:/Program Files/CodeBlocks/SFML-2.6.1/lib/libsfml-network-s.a" />
					<Add library="C:/Program Files/CodeBlocks/SFML-2.6.1/lib/libsfml-network-s-d.a" />
					<Add library="C:/Program Files/CodeBlocks/SFML-2.6.1/lib/libsfml-system-d.a" />
					<Add library="C:/Program Files/CodeBlocks/SFML-2.6.1/lib/libsfml-system-s.a" />
					<Add library="C:/Program Files/CodeBlocks/SFML-2.6.1/lib/libsfml-system-s-d.a" />
					<Add library="C:/Program Files/CodeBlocks/SFML-2.6.1/lib/libsfml-window-d.a" />
					<Add library="C:/Program Files/CodeBlocks/SFML-2.6.1/lib/libsfml-window-s-d.a" />
					<Add library="C:/Program Files/CodeBlocks/SFML-2.6.1/lib/libvorbis.a" />
					<Add library="C:/Program Files/CodeBlocks/SFML-2.6.1/lib/libvorbisenc.a" />
					<Add library="C:/Program Files/CodeBlocks/SFML-2.6.1/lib/libvorbisfile.a" />
					<Add library="freetype" />
				</Linker>
			</Target>
			<Target title="Release">
				<Option output="bin/Release/SFML-SWOOSH-Template" prefix_auto="1" extension_auto="1" />
				<Option object_output="obj/Release/" />
				<Option type="0" />
				<Option compiler="gcc" />
				<Compiler>
					<Add option="-O2" />
					<Add option="-DSFML_STATIC" />
				</Compiler>
				<Linker>
					<Add option="-s" />
					<Add option="-static-libstdc++" />
					<Add library="sfml-graphics" />
					<Add library="sfml-window" />
					<Add library="sfml-system" />
					<Add library="sfml-audio" />
					<Add library="freetype" />
					<Add library="sfml-main" />
					<Add library="openal32" />
					<Add library="ogg" />
					<Add library="FLAC" />
				</Linker>
			</Target>
		</Build>
		<Compiler>
			<Add option="-Wall" />
			<Add option="-fexceptions" />
			<Add option="-DSFML_STATIC" />
			<Add directory="C:/Program Files/CodeBlocks/SFML-2.6.1/include" />
			<Add directory="src" />
		</Compiler>
		<Linker>
			<Add directory="C:/Program Files/CodeBlocks/SFML-2.6.1/lib" />
		</Linker>
		<Unit filename="C:/Program Files/CodeBlocks/SFML-2.6.1/include/SFML/Audio.hpp" />
		<Unit filename="C:/Program Files/CodeBlocks/SFML-2.6.1/include/SFML/Audio/AlResource.hpp" />
		<Unit filename="C:/Program Files/CodeBlocks/SFML-2.6.1/include/SFML/Audio/Export.hpp" />
		<Unit filename="C:/Program Files/CodeBlocks/SFML-2.6.1/include/SFML/Audio/InputSoundFile.hpp" />
		<Unit filename="C:/Program Files/CodeBlocks/SFML-2.6.1/include/SFML/Audio/Listener.hpp" />
		<Unit filename="C:/Program Files/CodeBlocks/SFML-2.6.1/include/SFML/Audio/Music.hpp" />
		<Unit filename="C:/Program Files/CodeBlocks/SFML-2.6.1/include/SFML/Audio/OutputSoundFile.hpp" />
		<Unit filename="C:/Program Files/CodeBlocks/SFML-2.6.1/include/SFML/Audio/Sound.hpp" />
		<Unit filename="C:/Program Files/CodeBlocks/SFML-2.6.1/include/SFML/Audio/SoundBuffer.hpp" />
		<Unit filename="C:/Program Files/CodeBlocks/SFML-2.6.1/include/SFML/Audio/SoundBufferRecorder.hpp" />
		<Unit filename="C:/Program Files/CodeBlocks/SFML-2.6.1/include/SFML/Audio/SoundFileFactory.hpp" />
		<Unit filename="C:/Program Files/CodeBlocks/SFML-2.6.1/include/SFML/Audio/SoundFileReader.hpp" />
		<Unit filename="C:/Program Files/CodeBlocks/SFML-2.6.1/include/SFML/Audio/SoundFileWriter.hpp" />
		<Unit filename="C:/Program Files/CodeBlocks/SFML-2.6.1/include/SFML/Audio/SoundRecorder.hpp" />
		<Unit filename="C:/Program Files/CodeBlocks/SFML-2.6.1/include/SFML/Audio/SoundSource.hpp" />
		<Unit filename="C:/Program Files/CodeBlocks/SFML-2.6.1/include/SFML/Audio/SoundStream.hpp" />
		<Unit filename="C:/Program Files/CodeBlocks/SFML-2.6.1/include/SFML/Config.hpp" />
		<Unit filename="C:/Program Files/CodeBlocks/SFML-2.6.1/include/SFML/GpuPreference.hpp" />
		<Unit filename="C:/Program Files/CodeBlocks/SFML-2.6.1/include/SFML/Graphics.hpp" />
		<Unit filename="C:/Program Files/CodeBlocks/SFML-2.6.1/include/SFML/Graphics/BlendMode.hpp" />
		<Unit filename="C:/Program Files/CodeBlocks/SFML-2.6.1/include/SFML/Graphics/CircleShape.hpp" />
		<Unit filename="C:/Program Files/CodeBlocks/SFML-2.6.1/include/SFML/Graphics/Color.hpp" />
		<Unit filename="C:/Program Files/CodeBlocks/SFML-2.6.1/include/SFML/Graphics/ConvexShape.hpp" />
		<Unit filename="C:/Program Files/CodeBlocks/SFML-2.6.1/include/SFML/Graphics/Drawable.hpp" />
		<Unit filename="C:/Program Files/CodeBlocks/SFML-2.6.1/include/SFML/Graphics/Export.hpp" />
		<Unit filename="C:/Program Files/CodeBlocks/SFML-2.6.1/include/SFML/Graphics/Font.hpp" />
		<Unit filename="C:/Program Files/CodeBlocks/SFML-2.6.1/include/SFML/Graphics/Glsl.hpp" />
		<Unit filename="C:/Program Files/CodeBlocks/SFML-2.6.1/include/SFML/Graphics/Glyph.hpp" />
		<Unit filename="C:/Program Files/CodeBlocks/SFML-2.6.1/include/SFML/Graphics/Image.hpp" />
		<Unit filename="C:/Program Files/CodeBlocks/SFML-2.6.1/include/SFML/Graphics/PrimitiveType.hpp" />
		<Unit filename="C:/Program Files/CodeBlocks/SFML-2.6.1/include/SFML/Graphics/Rect.hpp" />
		<Unit filename="C:/Program Files/CodeBlocks/SFML-2.6.1/include/SFML/Graphics/RectangleShape.hpp" />
		<Unit filename="C:/Program Files/CodeBlocks/SFML-2.6.1/include/SFML/Graphics/RenderStates.hpp" />
		<Unit filename="C:/Program Files/CodeBlocks/SFML-2.6.1/include/SFML/Graphics/RenderTarget.hpp" />
		<Unit filename="C:/Program Files/CodeBlocks/SFML-2.6.1/include/SFML/Graphics/RenderTexture.hpp" />
		<Unit filename="C:/Program Files/CodeBlocks/SFML-2.6.1/include/SFML/Graphics/RenderWindow.hpp" />
		<Unit filename="C:/Program Files/CodeBlocks/SFML-2.6.1/include/SFML/Graphics/Shader.hpp" />
		<Unit filename="C:/Program Files/CodeBlocks/SFML-2.6.1/include/SFML/Graphics/Shape.hpp" />
		<Unit filename="C:/Program Files/CodeBlocks/SFML-2.6.1/include/SFML/Graphics/Sprite.hpp" />
		<Unit filename="C:/Program Files/CodeBlocks/SFML-2.6.1/include/SFML/Graphics/Text.hpp" />
		<Unit filename="C:/Program Files/CodeBlocks/SFML-2.6.1/include/SFML/Graphics/Texture.hpp" />
		<Unit filename="C:/Program Files/CodeBlocks/SFML-2.6.1/include/SFML/Graphics/Transform.hpp" />
		<Unit filename="C:/Program Files/CodeBlocks/SFML-2.6.1/include/SFML/Graphics/Transformable.hpp" />
		<Unit filename="C:/Program Files/CodeBlocks/SFML-2.6.1/include/SFML/Graphics/Vertex.hpp" />
		<Unit filename="C:/Program Files/CodeBlocks/SFML-2.6.1/include/SFML/Graphics/VertexArray.hpp" />
		<Unit filename="C:/Program Files/CodeBlocks/SFML-2.6.1/include/SFML/Graphics/VertexBuffer.hpp" />
		<Unit filename="C:/Program Files/CodeBlocks/SFML-2.6.1/include/SFML/Graphics/View.hpp" />
		<Unit filename="C:/Program Files/CodeBlocks/SFML-2.6.1/include/SFML/Main.hpp" />
		<Unit filename="C:/Program Files/CodeBlocks/SFML-2.6.1/include/SFML/Network.hpp" />
		<Unit filename="C:/Program Files/CodeBlocks/SFML-2.6.1/include/SFML/Network/Export.hpp" />
		<Unit filename="C:/Program Files/CodeBlocks/SFML-2.6.1/include/SFML/Network/Ftp.hpp" />
		<Unit filename="C:/Program Files/CodeBlocks/SFML-2.6.1/include/SFML/Network/Http.hpp" />
		<Unit filename="C:/Program Files/CodeBlocks/SFML-2.6.1/include/SFML/Network/IpAddress.hpp" />
		<Unit filename="C:/Program Files/CodeBlocks/SFML-2.6.1/include/SFML/Network/Packet.hpp" />
		<Unit filename="C:/Program Files/CodeBlocks/SFML-2.6.1/include/SFML/Network/Socket.hpp" />
		<Unit filename="C:/Program Files/CodeBlocks/SFML-2.6.1/include/SFML/Network/SocketHandle.hpp" />
		<Unit filename="C:/Program Files/CodeBlocks/SFML-2.6.1/include/SFML/Network/SocketSelector.hpp" />
		<Unit filename="C:/Program Files/CodeBlocks/SFML-2.6.1/include/SFML/Network/TcpListener.hpp" />
		<Unit filename="C:/Program Files/CodeBlocks/SFML-2.6.1/include/SFML/Network/TcpSocket.hpp" />
		<Unit filename="C:/Program Files/CodeBlocks/SFML-2.6.1/include/SFML/Network/UdpSocket.hpp" />
		<Unit filename="C:/Program Files/CodeBlocks/SFML-2.6.1/include/SFML/OpenGL.hpp" />
		<Unit filename="C:/Program Files/CodeBlocks/SFML-2.6.1/include/SFML/System.hpp" />
		<Unit filename="C:/Program Files/CodeBlocks/SFML-2.6.1/include/SFML/System/Clock.hpp" />
		<Unit filename="C:/Program Files/CodeBlocks/SFML-2.6.1/include/SFML/System/Err.hpp" />
		<Unit filename="C:/Program Files/CodeBlocks/SFML-2.6.1/include/SFML/System/Export.hpp" />
		<Unit filename="C:/Program Files/CodeBlocks/SFML-2.6.1/include/SFML/System/FileInputStream.hpp" />
		<Unit filename="C:/Program Files/CodeBlocks/SFML-2.6.1/include/SFML/System/InputStream.hpp" />
		<Unit filename="C:/Program Files/CodeBlocks/SFML-2.6.1/include/SFML/System/Lock.hpp" />
		<Unit filename="C:/Program Files/CodeBlocks/SFML-2.6.1/include/SFML/System/MemoryInputStream.hpp" />
		<Unit filename="C:/Program Files/CodeBlocks/SFML-2.6.1/include/SFML/System/Mutex.hpp" />
		<Unit filename="C:/Program Files/CodeBlocks/SFML-2.6.1/include/SFML/System/NativeActivity.hpp" />
		<Unit filename="C:/Program Files/CodeBlocks/SFML-2.6.1/include/SFML/System/NonCopyable.hpp" />
		<Unit filename="C:/Program Files/CodeBlocks/SFML-2.6.1/include/SFML/System/Sleep.hpp" />
		<Unit filename="C:/Program Files/CodeBlocks/SFML-2.6.1/include/SFML/System/String.hpp" />
		<Unit filename="C:/Program Files/CodeBlocks/SFML-2.6.1/include/SFML/System/Thread.hpp" />
		<Unit filename="C:/Program Files/CodeBlocks/SFML-2.6.1/include/SFML/System/ThreadLocal.hpp" />
		<Unit filename="C:/Program Files/CodeBlocks/SFML-2.6.1/include/SFML/System/ThreadLocalPtr.hpp" />
		<Unit filename="C:/Program Files/CodeBlocks/SFML-2.6.1/include/SFML/System/Time.hpp" />
		<Unit filename="C:/Program Files/CodeBlocks/SFML-2.6.1/include/SFML/System/Utf.hpp" />
		<Unit filename="C:/Program Files/CodeBlocks/SFML-2.6.1/include/SFML/System/Vector2.hpp" />
		<Unit filename="C:/Program Files/CodeBlocks/SFML-2.6.1/include/SFML/System/Vector3.hpp" />
		<Unit filename="C:/Program Files/CodeBlocks/SFML-2.6.1/include/SFML/Window.hpp" />
		<Unit filename="C:/Program Files/CodeBlocks/SFML-2.6.1/include/SFML/Window/Clipboard.hpp" />
		<Unit filename="C:/Program Files/CodeBlocks/SFML-2.6.1/include/SFML/Window/Context.hpp" />
		<Unit filename="C:/Program Files/CodeBlocks/SFML-2.6.1/include/SFML/Window/ContextSettings.hpp" />
		<Unit filename="C:/Program Files/CodeBlocks/SFML-2.6.1/include/SFML/Window/Cursor.hpp" />
		<Unit filename="C:/Program Files/CodeBlocks/SFML-2.6.1/include/SFML/Window/Event.hpp" />
		<Unit filename="C:/Program Files/CodeBlocks/SFML-2.6.1/include/SFML/Window/Export.hpp" />
		<Unit filename="C:/Program Files/CodeBlocks/SFML-2.6.1/include/SFML/Window/GlResource.hpp" />
		<Unit filename="C:/Program Files/CodeBlocks/SFML-2.6.1/include/SFML/Window/Joystick.hpp" />
		<Unit filename="C:/Program Files/CodeBlocks/SFML-2.6.1/include/SFML/Window/Keyboard.hpp" />
		<Unit filename="C:/Program Files/CodeBlocks/SFML-2.6.1/include/SFML/Window/Mouse.hpp" />
		<Unit filename="C:/Program Files/CodeBlocks/SFML-2.6.1/include/SFML/Window/Sensor.hpp" />
		<Unit filename="C:/Program Files/CodeBlocks/SFML-2.6.1/include/SFML/Window/Touch.hpp" />
		<Unit filename="C:/Program Files/CodeBlocks/SFML-2.6.1/include/SFML/Window/VideoMode.hpp" />
		<Unit filename="C:/Program Files/CodeBlocks/SFML-2.6.1/include/SFML/Window/Vulkan.hpp" />
		<Unit filename="C:/Program Files/CodeBlocks/SFML-2.6.1/include/SFML/Window/Window.hpp" />
		<Unit filename="C:/Program Files/CodeBlocks/SFML-2.6.1/include/SFML/Window/WindowBase.hpp" />
		<Unit filename="C:/Program Files/CodeBlocks/SFML-2.6.1/include/SFML/Window/WindowHandle.hpp" />
		<Unit filename="C:/Program Files/CodeBlocks/SFML-2.6.1/include/SFML/Window/WindowStyle.hpp" />
		<Unit filename="resources/black_rose_800_600.jpg" />
		<Unit filename="src/Segues/BlackWashFade.h" />
		<Unit filename="src/Segues/BlendFadeIn.h" />
		<Unit filename="src/Segues/BlurFadeIn.h" />
		<Unit filename="src/Segues/Checkerboard.h" />
		<Unit filename="src/Segues/CircleClose.h" />
		<Unit filename="src/Segues/CircleOpen.h" />
		<Unit filename="src/Segues/CrossZoom.h" />
		<Unit filename="src/Segues/Cube3D.h" />
		<Unit filename="src/Segues/DiamondTileCircle.h" />
		<Unit filename="src/Segues/DiamondTileSwipe.h" />
		<Unit filename="src/Segues/Dream.h" />
		<Unit filename="src/Segues/HorizontalOpen.h" />
		<Unit filename="src/Segues/HorizontalSlice.h" />
		<Unit filename="src/Segues/Morph.h" />
		<Unit filename="src/Segues/PageTurn.h" />
		<Unit filename="src/Segues/PixelateBlackWashFade.h" />
		<Unit filename="src/Segues/PushIn.h" />
		<Unit filename="src/Segues/RadialCCW.h" />
		<Unit filename="src/Segues/RetroBlit.h" />
		<Unit filename="src/Segues/SlideIn.h" />
		<Unit filename="src/Segues/SwipeIn.h" />
		<Unit filename="src/Segues/VerticalOpen.h" />
		<Unit filename="src/Segues/VerticalSlice.h" />
		<Unit filename="src/Segues/WhiteWashFade.h" />
		<Unit filename="src/Segues/ZoomFadeIn.h" />
		<Unit filename="src/Segues/ZoomFadeInBounce.h" />
		<Unit filename="src/Segues/ZoomIn.h" />
		<Unit filename="src/Segues/ZoomOut.h" />
		<Unit filename="src/Swoosh/ActionList.h" />
		<Unit filename="src/Swoosh/Activity.h" />
		<Unit filename="src/Swoosh/ActivityController.h" />
		<Unit filename="src/Swoosh/Ease.h" />
		<Unit filename="src/Swoosh/EmbedGLSL.h" />
		<Unit filename="src/Swoosh/Game.h" />
		<Unit filename="src/Swoosh/Segue.h" />
		<Unit filename="src/Swoosh/Shaders.h" />
		<Unit filename="src/Swoosh/Timer.h" />
		<Unit filename="src/gui_button.hpp" />
		<Unit filename="src/main.cpp" />
		<Unit filename="src/page_about.hpp" />
		<Unit filename="src/page_mainmenu.hpp" />
		<Unit filename="src/utils.hpp" />
		<Unit filename="src/utils_graphics.hpp" />
		<Extensions>
			<lib_finder disable_auto="1" />
		</Extensions>
	</Project>
</CodeBlocks_project_file>
